
Microsoft Visual Studio Solution File, Format Version 12.00
# Visual Studio Version 17
VisualStudioVersion = 17.4.33205.214
MinimumVisualStudioVersion = 10.0.40219.1
Project("{FAE04EC0-301F-11D3-BF4B-00C04F79EFBC}") = "PIV_PF_GRUPO2", "PIV_PF_GRUPO2\PIV_PF_GRUPO2.csproj", "{9F14CEE5-D1FE-4819-B3A3-B5A350D69019}"
EndProject
Global
	GlobalSection(SolutionConfigurationPlatforms) = preSolution
		Debug|Any CPU = Debug|Any CPU
		Release|Any CPU = Release|Any CPU
	EndGlobalSection
	GlobalSection(ProjectConfigurationPlatforms) = postSolution
		{9F14CEE5-D1FE-4819-B3A3-B5A350D69019}.Debug|Any CPU.ActiveCfg = Debug|Any CPU
		{9F14CEE5-D1FE-4819-B3A3-B5A350D69019}.Debug|Any CPU.Build.0 = Debug|Any CPU
		{9F14CEE5-D1FE-4819-B3A3-B5A350D69019}.Release|Any CPU.ActiveCfg = Release|Any CPU
		{9F14CEE5-D1FE-4819-B3A3-B5A350D69019}.Release|Any CPU.Build.0 = Release|Any CPU
	EndGlobalSection
	GlobalSection(SolutionProperties) = preSolution
		HideSolutionNode = FALSE
	EndGlobalSection
	GlobalSection(ExtensibilityGlobals) = postSolution
		SolutionGuid = {5073D3C3-CC6E-4573-B31C-A0BC64404F65}
	EndGlobalSection
EndGlobal
